
Microsoft Visual Studio Solution File, Format Version 12.00
# Visual Studio Version 17
VisualStudioVersion = 17.3.32825.248
MinimumVisualStudioVersion = 10.0.40219.1
Project("{FAE04EC0-301F-11D3-BF4B-00C04F79EFBC}") = "labka2", "labka2\labka2.csproj", "{3DDF9473-A9E7-4255-9ADD-58895E7D2615}"
EndProject
Global
	GlobalSection(SolutionConfigurationPlatforms) = preSolution
		Debug|Any CPU = Debug|Any CPU
		Release|Any CPU = Release|Any CPU
	EndGlobalSection
	GlobalSection(ProjectConfigurationPlatforms) = postSolution
		{3DDF9473-A9E7-4255-9ADD-58895E7D2615}.Debug|Any CPU.ActiveCfg = Debug|Any CPU
		{3DDF9473-A9E7-4255-9ADD-58895E7D2615}.Debug|Any CPU.Build.0 = Debug|Any CPU
		{3DDF9473-A9E7-4255-9ADD-58895E7D2615}.Release|Any CPU.ActiveCfg = Release|Any CPU
		{3DDF9473-A9E7-4255-9ADD-58895E7D2615}.Release|Any CPU.Build.0 = Release|Any CPU
	EndGlobalSection
	GlobalSection(SolutionProperties) = preSolution
		HideSolutionNode = FALSE
	EndGlobalSection
	GlobalSection(ExtensibilityGlobals) = postSolution
		SolutionGuid = {A5406533-22C9-4508-85AD-A5C03D8C3F79}
	EndGlobalSection
EndGlobal
