
Microsoft Visual Studio Solution File, Format Version 12.00
# Visual Studio Version 17
VisualStudioVersion = 17.3.32825.248
MinimumVisualStudioVersion = 10.0.40219.1
Project("{FAE04EC0-301F-11D3-BF4B-00C04F79EFBC}") = "labka1", "labka1\labka1.csproj", "{619E3544-CE16-4267-A896-96B11B04842D}"
EndProject
Global
	GlobalSection(SolutionConfigurationPlatforms) = preSolution
		Debug|Any CPU = Debug|Any CPU
		Release|Any CPU = Release|Any CPU
	EndGlobalSection
	GlobalSection(ProjectConfigurationPlatforms) = postSolution
		{619E3544-CE16-4267-A896-96B11B04842D}.Debug|Any CPU.ActiveCfg = Debug|Any CPU
		{619E3544-CE16-4267-A896-96B11B04842D}.Debug|Any CPU.Build.0 = Debug|Any CPU
		{619E3544-CE16-4267-A896-96B11B04842D}.Release|Any CPU.ActiveCfg = Release|Any CPU
		{619E3544-CE16-4267-A896-96B11B04842D}.Release|Any CPU.Build.0 = Release|Any CPU
	EndGlobalSection
	GlobalSection(SolutionProperties) = preSolution
		HideSolutionNode = FALSE
	EndGlobalSection
	GlobalSection(ExtensibilityGlobals) = postSolution
		SolutionGuid = {FDD62FC2-C656-4335-9EAC-D490307BB3B4}
	EndGlobalSection
EndGlobal
